
Microsoft Visual Studio Solution File, Format Version 12.00
# Visual Studio Version 16
VisualStudioVersion = 16.0.30413.136
MinimumVisualStudioVersion = 10.0.40219.1
Project("{FAE04EC0-301F-11D3-BF4B-00C04F79EFBC}") = "DotnetTaskV4", "DotnetTaskV4.csproj", "{0A2015D9-7AEE-4A2C-8AAA-EE19C8943306}"
EndProject
Global
	GlobalSection(SolutionConfigurationPlatforms) = preSolution
		Debug|Any CPU = Debug|Any CPU
		Release|Any CPU = Release|Any CPU
	EndGlobalSection
	GlobalSection(ProjectConfigurationPlatforms) = postSolution
		{0A2015D9-7AEE-4A2C-8AAA-EE19C8943306}.Debug|Any CPU.ActiveCfg = Debug|Any CPU
		{0A2015D9-7AEE-4A2C-8AAA-EE19C8943306}.Debug|Any CPU.Build.0 = Debug|Any CPU
		{0A2015D9-7AEE-4A2C-8AAA-EE19C8943306}.Release|Any CPU.ActiveCfg = Release|Any CPU
		{0A2015D9-7AEE-4A2C-8AAA-EE19C8943306}.Release|Any CPU.Build.0 = Release|Any CPU
	EndGlobalSection
	GlobalSection(SolutionProperties) = preSolution
		HideSolutionNode = FALSE
	EndGlobalSection
	GlobalSection(ExtensibilityGlobals) = postSolution
		SolutionGuid = {4E912DD3-BA56-4A97-8442-3786880805C3}
	EndGlobalSection
EndGlobal
